
Microsoft Visual Studio Solution File, Format Version 12.00
# Visual Studio Version 17
VisualStudioVersion = 17.3.32929.385
MinimumVisualStudioVersion = 10.0.40219.1
Project("{9A19103F-16F7-4668-BE54-9A1E7A4F7556}") = "Day1", "Day1\Day1.csproj", "{7C8E844D-8B4A-416F-B055-3DD6D2010E92}"
EndProject
Project("{9A19103F-16F7-4668-BE54-9A1E7A4F7556}") = "Day2", "Day2\Day2.csproj", "{FEE5F205-6517-4879-8B0F-5B9AFF5EE36F}"
EndProject
Project("{9A19103F-16F7-4668-BE54-9A1E7A4F7556}") = "Day3", "Day3\Day3.csproj", "{437ED535-CC6B-4D96-A0C9-3065530C0B8B}"
EndProject
Project("{9A19103F-16F7-4668-BE54-9A1E7A4F7556}") = "Day4", "Day4\Day4.csproj", "{73F054DE-2AB1-415D-9E68-BD25AFB9F94C}"
EndProject
Project("{9A19103F-16F7-4668-BE54-9A1E7A4F7556}") = "Day5", "Day5\Day5.csproj", "{DD8CC4C4-F382-4FB0-A708-E1073CCBA316}"
EndProject
Project("{FAE04EC0-301F-11D3-BF4B-00C04F79EFBC}") = "Day6", "Day6\Day6.csproj", "{3BE7FD97-C450-4390-B739-DE33F50F59BB}"
EndProject
Global
	GlobalSection(SolutionConfigurationPlatforms) = preSolution
		Debug|Any CPU = Debug|Any CPU
		Release|Any CPU = Release|Any CPU
	EndGlobalSection
	GlobalSection(ProjectConfigurationPlatforms) = postSolution
		{7C8E844D-8B4A-416F-B055-3DD6D2010E92}.Debug|Any CPU.ActiveCfg = Debug|Any CPU
		{7C8E844D-8B4A-416F-B055-3DD6D2010E92}.Debug|Any CPU.Build.0 = Debug|Any CPU
		{7C8E844D-8B4A-416F-B055-3DD6D2010E92}.Release|Any CPU.ActiveCfg = Release|Any CPU
		{7C8E844D-8B4A-416F-B055-3DD6D2010E92}.Release|Any CPU.Build.0 = Release|Any CPU
		{FEE5F205-6517-4879-8B0F-5B9AFF5EE36F}.Debug|Any CPU.ActiveCfg = Debug|Any CPU
		{FEE5F205-6517-4879-8B0F-5B9AFF5EE36F}.Debug|Any CPU.Build.0 = Debug|Any CPU
		{FEE5F205-6517-4879-8B0F-5B9AFF5EE36F}.Release|Any CPU.ActiveCfg = Release|Any CPU
		{FEE5F205-6517-4879-8B0F-5B9AFF5EE36F}.Release|Any CPU.Build.0 = Release|Any CPU
		{437ED535-CC6B-4D96-A0C9-3065530C0B8B}.Debug|Any CPU.ActiveCfg = Debug|Any CPU
		{437ED535-CC6B-4D96-A0C9-3065530C0B8B}.Debug|Any CPU.Build.0 = Debug|Any CPU
		{437ED535-CC6B-4D96-A0C9-3065530C0B8B}.Release|Any CPU.ActiveCfg = Release|Any CPU
		{437ED535-CC6B-4D96-A0C9-3065530C0B8B}.Release|Any CPU.Build.0 = Release|Any CPU
		{73F054DE-2AB1-415D-9E68-BD25AFB9F94C}.Debug|Any CPU.ActiveCfg = Debug|Any CPU
		{73F054DE-2AB1-415D-9E68-BD25AFB9F94C}.Debug|Any CPU.Build.0 = Debug|Any CPU
		{73F054DE-2AB1-415D-9E68-BD25AFB9F94C}.Release|Any CPU.ActiveCfg = Release|Any CPU
		{73F054DE-2AB1-415D-9E68-BD25AFB9F94C}.Release|Any CPU.Build.0 = Release|Any CPU
		{DD8CC4C4-F382-4FB0-A708-E1073CCBA316}.Debug|Any CPU.ActiveCfg = Debug|Any CPU
		{DD8CC4C4-F382-4FB0-A708-E1073CCBA316}.Debug|Any CPU.Build.0 = Debug|Any CPU
		{DD8CC4C4-F382-4FB0-A708-E1073CCBA316}.Release|Any CPU.ActiveCfg = Release|Any CPU
		{DD8CC4C4-F382-4FB0-A708-E1073CCBA316}.Release|Any CPU.Build.0 = Release|Any CPU
		{3BE7FD97-C450-4390-B739-DE33F50F59BB}.Debug|Any CPU.ActiveCfg = Debug|Any CPU
		{3BE7FD97-C450-4390-B739-DE33F50F59BB}.Debug|Any CPU.Build.0 = Debug|Any CPU
		{3BE7FD97-C450-4390-B739-DE33F50F59BB}.Release|Any CPU.ActiveCfg = Release|Any CPU
		{3BE7FD97-C450-4390-B739-DE33F50F59BB}.Release|Any CPU.Build.0 = Release|Any CPU
	EndGlobalSection
	GlobalSection(SolutionProperties) = preSolution
		HideSolutionNode = FALSE
	EndGlobalSection
	GlobalSection(ExtensibilityGlobals) = postSolution
		SolutionGuid = {4AAE3699-802A-4A7A-ACC7-44B6D351C143}
	EndGlobalSection
EndGlobal
